<?xml version="1.0" encoding="UTF-8" standalone="yes" ?>
<CodeBlocks_project_file>
	<FileVersion major="1" minor="6" />
	<Project>
		<Option title="PROYECTO_TALLER_2025" />
		<Option pch_mode="2" />
		<Option compiler="gcc" />
		<Build>
			<Target title="Debug">
				<Option output="bin/Debug/PROYECTO_TALLER_2025" prefix_auto="1" extension_auto="1" />
				<Option object_output="obj/Debug/" />
				<Option type="1" />
				<Option compiler="gcc" />
				<Compiler>
					<Add option="-g" />
				</Compiler>
			</Target>
			<Target title="Release">
				<Option output="bin/Release/PROYECTO_TALLER_2025" prefix_auto="1" extension_auto="1" />
				<Option object_output="obj/Release/" />
				<Option type="1" />
				<Option compiler="gcc" />
				<Compiler>
					<Add option="-O2" />
				</Compiler>
				<Linker>
					<Add option="-s" />
				</Linker>
			</Target>
		</Build>
		<Compiler>
			<Add option="-Wall" />
			<Add option="-fexceptions" />
		</Compiler>
		<Unit filename="1.Auxiliares/boolean.cpp" />
		<Unit filename="1.Auxiliares/boolean.h" />
		<Unit filename="1.Auxiliares/listaStrings.cpp" />
		<Unit filename="1.Auxiliares/listaStrings.h" />
		<Unit filename="1.Auxiliares/strDinamico.cpp" />
		<Unit filename="1.Auxiliares/strDinamico.h" />
		<Unit filename="2.Solucion/arbolEcuacion.cpp" />
		<Unit filename="2.Solucion/arbolEcuacion.h" />
		<Unit filename="2.Solucion/ecuacion.cpp" />
		<Unit filename="2.Solucion/ecuacion.h" />
		<Unit filename="2.Solucion/ecuacionPrimerGrado.cpp" />
		<Unit filename="2.Solucion/ecuacionPrimerGrado.h" />
		<Unit filename="2.Solucion/ecuacionSegundoGrado.cpp" />
		<Unit filename="2.Solucion/ecuacionSegundoGrado.h" />
		<Unit filename="2.Solucion/tipoEcuacion.cpp" />
		<Unit filename="2.Solucion/tipoEcuacion.h" />
		<Unit filename="main.cpp" />
		<Extensions />
	</Project>
</CodeBlocks_project_file>
